
Microsoft Visual Studio Solution File, Format Version 12.00
# Visual Studio Version 17
VisualStudioVersion = 17.6.33815.320
MinimumVisualStudioVersion = 10.0.40219.1
Project("{FAE04EC0-301F-11D3-BF4B-00C04F79EFBC}") = "StreamerbotStreamlootsBridge", "StreamerbotStreamlootsBridge\StreamerbotStreamlootsBridge.csproj", "{33308EF1-13EB-4D2B-8D0F-9E258666D940}"
EndProject
Project("{FAE04EC0-301F-11D3-BF4B-00C04F79EFBC}") = "StreamerbotStreamlootsBridgeSetup", "StreamerbotStreamlootsBridgeSetup\StreamerbotStreamlootsBridgeSetup.csproj", "{40CD792A-5DBE-4F3F-B711-E4DEBA198457}"
EndProject
Global
	GlobalSection(SolutionConfigurationPlatforms) = preSolution
		Debug|Any CPU = Debug|Any CPU
		Release|Any CPU = Release|Any CPU
	EndGlobalSection
	GlobalSection(ProjectConfigurationPlatforms) = postSolution
		{33308EF1-13EB-4D2B-8D0F-9E258666D940}.Debug|Any CPU.ActiveCfg = Debug|Any CPU
		{33308EF1-13EB-4D2B-8D0F-9E258666D940}.Debug|Any CPU.Build.0 = Debug|Any CPU
		{33308EF1-13EB-4D2B-8D0F-9E258666D940}.Release|Any CPU.ActiveCfg = Release|Any CPU
		{33308EF1-13EB-4D2B-8D0F-9E258666D940}.Release|Any CPU.Build.0 = Release|Any CPU
		{40CD792A-5DBE-4F3F-B711-E4DEBA198457}.Debug|Any CPU.ActiveCfg = Debug|Any CPU
		{40CD792A-5DBE-4F3F-B711-E4DEBA198457}.Debug|Any CPU.Build.0 = Debug|Any CPU
		{40CD792A-5DBE-4F3F-B711-E4DEBA198457}.Release|Any CPU.ActiveCfg = Release|Any CPU
		{40CD792A-5DBE-4F3F-B711-E4DEBA198457}.Release|Any CPU.Build.0 = Release|Any CPU
	EndGlobalSection
	GlobalSection(SolutionProperties) = preSolution
		HideSolutionNode = FALSE
	EndGlobalSection
	GlobalSection(ExtensibilityGlobals) = postSolution
		SolutionGuid = {DDD33F01-054C-4AFF-8E6B-1F7C86C38BA6}
	EndGlobalSection
EndGlobal
